
Microsoft Visual Studio Solution File, Format Version 11.00
# Visual Studio 2010
Project("{FAE04EC0-301F-11D3-BF4B-00C04F79EFBC}") = "Itch.Publisher", "Itch.Publisher\Itch.Publisher.csproj", "{C12A58F9-6967-4B11-81BA-B3E5297A708F}"
EndProject
Project("{FAE04EC0-301F-11D3-BF4B-00C04F79EFBC}") = "Itch.Consumer", "Itch.Consumer\Itch.Consumer.csproj", "{D0AC1E32-8CD3-4765-BF67-A4A6D40F0919}"
EndProject
Project("{FAE04EC0-301F-11D3-BF4B-00C04F79EFBC}") = "Itch.Common", "Itch.Common\Itch.Common.csproj", "{93E2F38A-470B-4865-B537-24BAE1CEDDAC}"
EndProject
Global
	GlobalSection(SolutionConfigurationPlatforms) = preSolution
		Debug|Any CPU = Debug|Any CPU
		Debug|Mixed Platforms = Debug|Mixed Platforms
		Debug|x86 = Debug|x86
		Release|Any CPU = Release|Any CPU
		Release|Mixed Platforms = Release|Mixed Platforms
		Release|x86 = Release|x86
	EndGlobalSection
	GlobalSection(ProjectConfigurationPlatforms) = postSolution
		{C12A58F9-6967-4B11-81BA-B3E5297A708F}.Debug|Any CPU.ActiveCfg = Debug|x86
		{C12A58F9-6967-4B11-81BA-B3E5297A708F}.Debug|Mixed Platforms.ActiveCfg = Debug|x86
		{C12A58F9-6967-4B11-81BA-B3E5297A708F}.Debug|Mixed Platforms.Build.0 = Debug|x86
		{C12A58F9-6967-4B11-81BA-B3E5297A708F}.Debug|x86.ActiveCfg = Debug|x86
		{C12A58F9-6967-4B11-81BA-B3E5297A708F}.Debug|x86.Build.0 = Debug|x86
		{C12A58F9-6967-4B11-81BA-B3E5297A708F}.Release|Any CPU.ActiveCfg = Release|x86
		{C12A58F9-6967-4B11-81BA-B3E5297A708F}.Release|Mixed Platforms.ActiveCfg = Release|x86
		{C12A58F9-6967-4B11-81BA-B3E5297A708F}.Release|Mixed Platforms.Build.0 = Release|x86
		{C12A58F9-6967-4B11-81BA-B3E5297A708F}.Release|x86.ActiveCfg = Release|x86
		{C12A58F9-6967-4B11-81BA-B3E5297A708F}.Release|x86.Build.0 = Release|x86
		{D0AC1E32-8CD3-4765-BF67-A4A6D40F0919}.Debug|Any CPU.ActiveCfg = Debug|x86
		{D0AC1E32-8CD3-4765-BF67-A4A6D40F0919}.Debug|Mixed Platforms.ActiveCfg = Debug|x86
		{D0AC1E32-8CD3-4765-BF67-A4A6D40F0919}.Debug|Mixed Platforms.Build.0 = Debug|x86
		{D0AC1E32-8CD3-4765-BF67-A4A6D40F0919}.Debug|x86.ActiveCfg = Debug|x86
		{D0AC1E32-8CD3-4765-BF67-A4A6D40F0919}.Debug|x86.Build.0 = Debug|x86
		{D0AC1E32-8CD3-4765-BF67-A4A6D40F0919}.Release|Any CPU.ActiveCfg = Release|x86
		{D0AC1E32-8CD3-4765-BF67-A4A6D40F0919}.Release|Mixed Platforms.ActiveCfg = Release|x86
		{D0AC1E32-8CD3-4765-BF67-A4A6D40F0919}.Release|Mixed Platforms.Build.0 = Release|x86
		{D0AC1E32-8CD3-4765-BF67-A4A6D40F0919}.Release|x86.ActiveCfg = Release|x86
		{D0AC1E32-8CD3-4765-BF67-A4A6D40F0919}.Release|x86.Build.0 = Release|x86
		{93E2F38A-470B-4865-B537-24BAE1CEDDAC}.Debug|Any CPU.ActiveCfg = Debug|Any CPU
		{93E2F38A-470B-4865-B537-24BAE1CEDDAC}.Debug|Any CPU.Build.0 = Debug|Any CPU
		{93E2F38A-470B-4865-B537-24BAE1CEDDAC}.Debug|Mixed Platforms.ActiveCfg = Debug|Any CPU
		{93E2F38A-470B-4865-B537-24BAE1CEDDAC}.Debug|Mixed Platforms.Build.0 = Debug|Any CPU
		{93E2F38A-470B-4865-B537-24BAE1CEDDAC}.Debug|x86.ActiveCfg = Debug|Any CPU
		{93E2F38A-470B-4865-B537-24BAE1CEDDAC}.Release|Any CPU.ActiveCfg = Release|Any CPU
		{93E2F38A-470B-4865-B537-24BAE1CEDDAC}.Release|Any CPU.Build.0 = Release|Any CPU
		{93E2F38A-470B-4865-B537-24BAE1CEDDAC}.Release|Mixed Platforms.ActiveCfg = Release|Any CPU
		{93E2F38A-470B-4865-B537-24BAE1CEDDAC}.Release|Mixed Platforms.Build.0 = Release|Any CPU
		{93E2F38A-470B-4865-B537-24BAE1CEDDAC}.Release|x86.ActiveCfg = Release|Any CPU
	EndGlobalSection
	GlobalSection(SolutionProperties) = preSolution
		HideSolutionNode = FALSE
	EndGlobalSection
EndGlobal
